[[dependencies]]
name = "@openzeppelin-contracts"
version = "5.0.0"
url = "https://soldeer-revisions.s3.amazonaws.com/@openzeppelin-contracts/5_0_0_22-01-2024_13:14:00_contracts.zip"
checksum = "92a7f5b4ed80537a180d2775e2d2840d59ab1fa89442084213fb4fd5f7f55688"
integrity = "9394b509841c15163a23f6dd50bb60c8e720176fc6ae79232cac105ed7d4c1aa"

[[dependencies]]
name = "forge-std"
version = "1.16.0"
url = "https://soldeer-revisions.s3.amazonaws.com/forge-std/1_16_0_27-04-2026_06:23:43_forge-std-1.16.zip"
checksum = "3ebe6ca2011b1a11b0f3d4c2a53f58e4d149dc0c58a4052a39405391cd2ae8ce"
integrity = "c433748f09889d3e2b3090303f4bc03700b363bd952e22b1801db00cfac7b809"
